
Microsoft Visual Studio Solution File, Format Version 12.00
# Visual Studio 15
VisualStudioVersion = 15.0.27428.2015
MinimumVisualStudioVersion = 10.0.40219.1
Project("{FAE04EC0-301F-11D3-BF4B-00C04F79EFBC}") = "Vidly", "Vidly\Vidly.csproj", "{00B1B824-423C-41DD-83C1-15541F58FF59}"
EndProject
Global
	GlobalSection(SolutionConfigurationPlatforms) = preSolution
		Debug|Any CPU = Debug|Any CPU
		Release|Any CPU = Release|Any CPU
	EndGlobalSection
	GlobalSection(ProjectConfigurationPlatforms) = postSolution
		{00B1B824-423C-41DD-83C1-15541F58FF59}.Debug|Any CPU.ActiveCfg = Debug|Any CPU
		{00B1B824-423C-41DD-83C1-15541F58FF59}.Debug|Any CPU.Build.0 = Debug|Any CPU
		{00B1B824-423C-41DD-83C1-15541F58FF59}.Release|Any CPU.ActiveCfg = Release|Any CPU
		{00B1B824-423C-41DD-83C1-15541F58FF59}.Release|Any CPU.Build.0 = Release|Any CPU
	EndGlobalSection
	GlobalSection(SolutionProperties) = preSolution
		HideSolutionNode = FALSE
	EndGlobalSection
	GlobalSection(ExtensibilityGlobals) = postSolution
		SolutionGuid = {480737F9-4BE9-461B-B0A2-E4C206AECD57}
	EndGlobalSection
EndGlobal
